
Microsoft Visual Studio Solution File, Format Version 12.00
# Visual Studio Version 16
VisualStudioVersion = 16.0.31205.134
MinimumVisualStudioVersion = 10.0.40219.1
Project("{FAE04EC0-301F-11D3-BF4B-00C04F79EFBC}") = "DiscoverMars", "DiscoverMars\DiscoverMars.csproj", "{4368CF82-46FC-4FBD-8C9D-8031A41BF676}"
EndProject
Global
	GlobalSection(SolutionConfigurationPlatforms) = preSolution
		Debug|Any CPU = Debug|Any CPU
		Release|Any CPU = Release|Any CPU
	EndGlobalSection
	GlobalSection(ProjectConfigurationPlatforms) = postSolution
		{4368CF82-46FC-4FBD-8C9D-8031A41BF676}.Debug|Any CPU.ActiveCfg = Debug|Any CPU
		{4368CF82-46FC-4FBD-8C9D-8031A41BF676}.Debug|Any CPU.Build.0 = Debug|Any CPU
		{4368CF82-46FC-4FBD-8C9D-8031A41BF676}.Release|Any CPU.ActiveCfg = Release|Any CPU
		{4368CF82-46FC-4FBD-8C9D-8031A41BF676}.Release|Any CPU.Build.0 = Release|Any CPU
	EndGlobalSection
	GlobalSection(SolutionProperties) = preSolution
		HideSolutionNode = FALSE
	EndGlobalSection
	GlobalSection(ExtensibilityGlobals) = postSolution
		SolutionGuid = {6617F26D-858D-4EB0-A97B-330455F4FD97}
	EndGlobalSection
EndGlobal
